
Microsoft Visual Studio Solution File, Format Version 12.00
# Visual Studio Version 17
VisualStudioVersion = 17.6.33723.286
MinimumVisualStudioVersion = 10.0.40219.1
Project("{FAE04EC0-301F-11D3-BF4B-00C04F79EFBC}") = "2048Game", "2048Game\2048Game.csproj", "{C94D6B7C-290F-47F5-BE45-5FC0715B5D3C}"
EndProject
Global
	GlobalSection(SolutionConfigurationPlatforms) = preSolution
		Debug|Any CPU = Debug|Any CPU
		Release|Any CPU = Release|Any CPU
	EndGlobalSection
	GlobalSection(ProjectConfigurationPlatforms) = postSolution
		{C94D6B7C-290F-47F5-BE45-5FC0715B5D3C}.Debug|Any CPU.ActiveCfg = Debug|Any CPU
		{C94D6B7C-290F-47F5-BE45-5FC0715B5D3C}.Debug|Any CPU.Build.0 = Debug|Any CPU
		{C94D6B7C-290F-47F5-BE45-5FC0715B5D3C}.Release|Any CPU.ActiveCfg = Release|Any CPU
		{C94D6B7C-290F-47F5-BE45-5FC0715B5D3C}.Release|Any CPU.Build.0 = Release|Any CPU
	EndGlobalSection
	GlobalSection(SolutionProperties) = preSolution
		HideSolutionNode = FALSE
	EndGlobalSection
	GlobalSection(ExtensibilityGlobals) = postSolution
		SolutionGuid = {3D4123C6-8CA6-4D66-835A-7F0CA0E5636E}
	EndGlobalSection
EndGlobal
